github.com/BurntSushi/toml v0.4.1 h1:GaI7EiDXDRfa8VshkTj7Fym7ha+y8/XxIgD2okUIjLw=
github.com/BurntSushi/toml v0.4.1/go.mod h1:CxXYINrC8qIiEnFrOxCa7Jy5BFHlXnUU2pbicEuybxQ=
github.com/davecgh/go-spew v1.1.1 h1:vj9j/u1bqnvCEfJOwUhtlOARqs3+rkHYY13jYWTU97c=
github.com/davecgh/go-spew v1.1.1/go.mod h1:J7Y8YcW2NihsgmVo/mv3lAwl/skON4iLHjSsI+c5H38=
github.com/gorilla/websocket v1.4.2 h1:+/TMaTYc4QFitKJxsQ7Yye35DkWvkdLcvGKqM+x0Ufc=
github.com/gorilla/websocket v1.4.2/go.mod h1:YR8l580nyteQvAITg2hZ9XVh4b55+EU/adAjf1fMHhE=
github.com/pmezard/go-difflib v1.0.0 h1:4DBwDE0NGyQoBHbLQYPwSUPoCMWR5BEzIk/f1lZbAQM=
github.com/pmezard/go-difflib v1.0.0/go.mod h1:iKH77koFhYxTK1pcRnkKkqfTogsbg7gZNVY4sRDYZ/4=
github.com/sacOO7/go-logger v0.0.0-20180719173527-9ac9add5a50d h1:5T+fbRuQbpi+WZtB2yfuu59r00F6T2HV/zGYrwX8nvE=
github.com/sacOO7/go-logger v0.0.0-20180719173527-9ac9add5a50d/go.mod h1:L5EJe2k8GwpBoGXDRLAEs58R239jpZuE7NNEtW+T7oo=
github.com/sacOO7/gowebsocket v0.0.0-20210515122958-9396f1a71e23 h1:yjnkNJTpQPCx10KF1jypuIhAVc6EYn2M9lJgwSTHQYs=
github.com/sacOO7/gowebsocket v0.0.0-20210515122958-9396f1a71e23/go.mod h1:h00QywbM5Le22ESUiI8Yz2/9TVGD8eAz/cAk55Kcz/E=
github.com/sirupsen/logrus v1.8.1 h1:dJKuHgqk1NNQlqoA6BTlM1Wf9DOH3NBjQyu0h9+AZZE=
github.com/sirupsen/logrus v1.8.1/go.mod h1:yWOB1SBYBC5VeMP7gHvWumXLIWorT60ONWic61uBYv0=
github.com/stretchr/testify v1.2.2 h1:bSDNvY7ZPG5RlJ8otE/7V6gMiyenm9RtJ7IUVIAoJ1w=
github.com/stretchr/testify v1.2.2/go.mod h1:a8OnRcib4nhh0OaRAV+Yts87kKdq0PP7pXfy6kDkUVs=
github.com/xtile/gotest v0.0.0-20211126232825-c540f6fa8a74 h1:14WOLGn2Dhev2FiKwgKcF1Z+mfvyoAHIXujsXL4s71U=
github.com/xtile/gotest v0.0.0-20211126232825-c540f6fa8a74/go.mod h1:Y6h/cJAodhjr4pWTyeUSyVE3bUIAOvuC0AvteGGeQHE=
golang.org/x/sys v0.0.0-20191026070338-33540a1f6037 h1:YyJpGZS1sBuBCzLAR1VEpK193GlqGZbnPFnPV/5Rsb4=
golang.org/x/sys v0.0.0-20191026070338-33540a1f6037/go.mod h1:h1NjWce9XRLGQEsW7wpKNCjG9DtNlClVuFLEZdDNbEs=
